
Microsoft Visual Studio Solution File, Format Version 12.00
# Visual Studio 15
VisualStudioVersion = 15.0.26730.16
MinimumVisualStudioVersion = 10.0.40219.1
Project("{FAE04EC0-301F-11D3-BF4B-00C04F79EFBC}") = "ShoppingCart", "ShoppingCart\ShoppingCart.csproj", "{0CB595FF-1C0B-4F17-8DD5-C4A655D5975D}"
EndProject
Project("{FAE04EC0-301F-11D3-BF4B-00C04F79EFBC}") = "ShoppingCart.Tests", "ShoppingCart.Tests\ShoppingCart.Tests.csproj", "{DC1E853C-DF56-45B8-8396-37D5C5290AEF}"
EndProject
Global
	GlobalSection(SolutionConfigurationPlatforms) = preSolution
		Debug|Any CPU = Debug|Any CPU
		Release|Any CPU = Release|Any CPU
	EndGlobalSection
	GlobalSection(ProjectConfigurationPlatforms) = postSolution
		{0CB595FF-1C0B-4F17-8DD5-C4A655D5975D}.Debug|Any CPU.ActiveCfg = Debug|Any CPU
		{0CB595FF-1C0B-4F17-8DD5-C4A655D5975D}.Debug|Any CPU.Build.0 = Debug|Any CPU
		{0CB595FF-1C0B-4F17-8DD5-C4A655D5975D}.Release|Any CPU.ActiveCfg = Release|Any CPU
		{0CB595FF-1C0B-4F17-8DD5-C4A655D5975D}.Release|Any CPU.Build.0 = Release|Any CPU
		{DC1E853C-DF56-45B8-8396-37D5C5290AEF}.Debug|Any CPU.ActiveCfg = Debug|Any CPU
		{DC1E853C-DF56-45B8-8396-37D5C5290AEF}.Debug|Any CPU.Build.0 = Debug|Any CPU
		{DC1E853C-DF56-45B8-8396-37D5C5290AEF}.Release|Any CPU.ActiveCfg = Release|Any CPU
		{DC1E853C-DF56-45B8-8396-37D5C5290AEF}.Release|Any CPU.Build.0 = Release|Any CPU
	EndGlobalSection
	GlobalSection(SolutionProperties) = preSolution
		HideSolutionNode = FALSE
	EndGlobalSection
	GlobalSection(ExtensibilityGlobals) = postSolution
		SolutionGuid = {0BB72142-CCEA-46EE-B74D-1A386E502AC0}
	EndGlobalSection
EndGlobal
